
Microsoft Visual Studio Solution File, Format Version 11.00
# Visual Studio 2010
Project("{FAE04EC0-301F-11D3-BF4B-00C04F79EFBC}") = "UnityEngine.TestRunner", "UnityEngine.TestRunner.csproj", "{66af759f-8bae-8961-c913-1af9c413d1cc}"
EndProject
Project("{FAE04EC0-301F-11D3-BF4B-00C04F79EFBC}") = "Unity.Timeline", "Unity.Timeline.csproj", "{e2e988f9-9184-81de-2abc-dbe5e3dc4792}"
EndProject
Project("{FAE04EC0-301F-11D3-BF4B-00C04F79EFBC}") = "UnityEngine.UI", "UnityEngine.UI.csproj", "{c1a32651-d8d2-c9c8-5b91-57435b9345b8}"
EndProject
Project("{FAE04EC0-301F-11D3-BF4B-00C04F79EFBC}") = "Unity.TextMeshPro", "Unity.TextMeshPro.csproj", "{c1ee3682-21e1-b3de-1c56-3f531470bdec}"
EndProject
Project("{FAE04EC0-301F-11D3-BF4B-00C04F79EFBC}") = "Assembly-CSharp", "Assembly-CSharp.csproj", "{3ca9ec75-268e-7517-c1e8-c677e034f501}"
EndProject
Project("{FAE04EC0-301F-11D3-BF4B-00C04F79EFBC}") = "UnityEditor.TestRunner", "UnityEditor.TestRunner.csproj", "{85022e3a-252c-47db-32dd-0a5e1e69572e}"
EndProject
Project("{FAE04EC0-301F-11D3-BF4B-00C04F79EFBC}") = "Unity.PlasticSCM.Editor", "Unity.PlasticSCM.Editor.csproj", "{59363349-a992-6da3-392d-c0dd5a2caf60}"
EndProject
Project("{FAE04EC0-301F-11D3-BF4B-00C04F79EFBC}") = "UnityEditor.UI", "UnityEditor.UI.csproj", "{66413448-73e3-95ba-9e5f-9efc07e3aeaf}"
EndProject
Project("{FAE04EC0-301F-11D3-BF4B-00C04F79EFBC}") = "Unity.Timeline.Editor", "Unity.Timeline.Editor.csproj", "{e80143ea-7b4d-25ac-69f4-ed17bce186e8}"
EndProject
Project("{FAE04EC0-301F-11D3-BF4B-00C04F79EFBC}") = "Unity.VisualStudio.Editor", "Unity.VisualStudio.Editor.csproj", "{d463cba0-b1fc-f41b-69dc-3d20fe532c9b}"
EndProject
Project("{FAE04EC0-301F-11D3-BF4B-00C04F79EFBC}") = "Unity.TextMeshPro.Editor", "Unity.TextMeshPro.Editor.csproj", "{b652885a-9d0e-59a5-800a-3039803a3b36}"
EndProject
Project("{FAE04EC0-301F-11D3-BF4B-00C04F79EFBC}") = "Unity.CollabProxy.Editor", "Unity.CollabProxy.Editor.csproj", "{46333ad6-7311-31a2-899e-1a2147592840}"
EndProject
Project("{FAE04EC0-301F-11D3-BF4B-00C04F79EFBC}") = "Unity.Rider.Editor", "Unity.Rider.Editor.csproj", "{f90a0e67-b92e-02dd-c2bd-f64354a286f8}"
EndProject
Project("{FAE04EC0-301F-11D3-BF4B-00C04F79EFBC}") = "Unity.VSCode.Editor", "Unity.VSCode.Editor.csproj", "{048329d5-2727-8595-c615-2d051bbf8eb1}"
EndProject
Global
	GlobalSection(SolutionConfigurationPlatforms) = preSolution
		Debug|Any CPU = Debug|Any CPU
	EndGlobalSection
	GlobalSection(ProjectConfigurationPlatforms) = postSolution
		{66af759f-8bae-8961-c913-1af9c413d1cc}.Debug|Any CPU.ActiveCfg = Debug|Any CPU
		{66af759f-8bae-8961-c913-1af9c413d1cc}.Debug|Any CPU.Build.0 = Debug|Any CPU
		{e2e988f9-9184-81de-2abc-dbe5e3dc4792}.Debug|Any CPU.ActiveCfg = Debug|Any CPU
		{e2e988f9-9184-81de-2abc-dbe5e3dc4792}.Debug|Any CPU.Build.0 = Debug|Any CPU
		{c1a32651-d8d2-c9c8-5b91-57435b9345b8}.Debug|Any CPU.ActiveCfg = Debug|Any CPU
		{c1a32651-d8d2-c9c8-5b91-57435b9345b8}.Debug|Any CPU.Build.0 = Debug|Any CPU
		{c1ee3682-21e1-b3de-1c56-3f531470bdec}.Debug|Any CPU.ActiveCfg = Debug|Any CPU
		{c1ee3682-21e1-b3de-1c56-3f531470bdec}.Debug|Any CPU.Build.0 = Debug|Any CPU
		{3ca9ec75-268e-7517-c1e8-c677e034f501}.Debug|Any CPU.ActiveCfg = Debug|Any CPU
		{3ca9ec75-268e-7517-c1e8-c677e034f501}.Debug|Any CPU.Build.0 = Debug|Any CPU
		{85022e3a-252c-47db-32dd-0a5e1e69572e}.Debug|Any CPU.ActiveCfg = Debug|Any CPU
		{85022e3a-252c-47db-32dd-0a5e1e69572e}.Debug|Any CPU.Build.0 = Debug|Any CPU
		{59363349-a992-6da3-392d-c0dd5a2caf60}.Debug|Any CPU.ActiveCfg = Debug|Any CPU
		{59363349-a992-6da3-392d-c0dd5a2caf60}.Debug|Any CPU.Build.0 = Debug|Any CPU
		{66413448-73e3-95ba-9e5f-9efc07e3aeaf}.Debug|Any CPU.ActiveCfg = Debug|Any CPU
		{66413448-73e3-95ba-9e5f-9efc07e3aeaf}.Debug|Any CPU.Build.0 = Debug|Any CPU
		{e80143ea-7b4d-25ac-69f4-ed17bce186e8}.Debug|Any CPU.ActiveCfg = Debug|Any CPU
		{e80143ea-7b4d-25ac-69f4-ed17bce186e8}.Debug|Any CPU.Build.0 = Debug|Any CPU
		{d463cba0-b1fc-f41b-69dc-3d20fe532c9b}.Debug|Any CPU.ActiveCfg = Debug|Any CPU
		{d463cba0-b1fc-f41b-69dc-3d20fe532c9b}.Debug|Any CPU.Build.0 = Debug|Any CPU
		{b652885a-9d0e-59a5-800a-3039803a3b36}.Debug|Any CPU.ActiveCfg = Debug|Any CPU
		{b652885a-9d0e-59a5-800a-3039803a3b36}.Debug|Any CPU.Build.0 = Debug|Any CPU
		{46333ad6-7311-31a2-899e-1a2147592840}.Debug|Any CPU.ActiveCfg = Debug|Any CPU
		{46333ad6-7311-31a2-899e-1a2147592840}.Debug|Any CPU.Build.0 = Debug|Any CPU
		{f90a0e67-b92e-02dd-c2bd-f64354a286f8}.Debug|Any CPU.ActiveCfg = Debug|Any CPU
		{f90a0e67-b92e-02dd-c2bd-f64354a286f8}.Debug|Any CPU.Build.0 = Debug|Any CPU
		{048329d5-2727-8595-c615-2d051bbf8eb1}.Debug|Any CPU.ActiveCfg = Debug|Any CPU
		{048329d5-2727-8595-c615-2d051bbf8eb1}.Debug|Any CPU.Build.0 = Debug|Any CPU
	EndGlobalSection
	GlobalSection(SolutionProperties) = preSolution
		HideSolutionNode = FALSE
	EndGlobalSection
EndGlobal
